
Microsoft Visual Studio Solution File, Format Version 12.00
# Visual Studio Version 16
VisualStudioVersion = 16.0.31624.102
MinimumVisualStudioVersion = 10.0.40219.1
Project("{9A19103F-16F7-4668-BE54-9A1E7A4F7556}") = "Art-exhibition", "Art-exhibition.csproj", "{BB408B2E-28A2-4671-B590-B2C854FAB90F}"
EndProject
Global
	GlobalSection(SolutionConfigurationPlatforms) = preSolution
		Debug|Any CPU = Debug|Any CPU
		Release|Any CPU = Release|Any CPU
	EndGlobalSection
	GlobalSection(ProjectConfigurationPlatforms) = postSolution
		{BB408B2E-28A2-4671-B590-B2C854FAB90F}.Debug|Any CPU.ActiveCfg = Debug|Any CPU
		{BB408B2E-28A2-4671-B590-B2C854FAB90F}.Debug|Any CPU.Build.0 = Debug|Any CPU
		{BB408B2E-28A2-4671-B590-B2C854FAB90F}.Release|Any CPU.ActiveCfg = Release|Any CPU
		{BB408B2E-28A2-4671-B590-B2C854FAB90F}.Release|Any CPU.Build.0 = Release|Any CPU
	EndGlobalSection
	GlobalSection(SolutionProperties) = preSolution
		HideSolutionNode = FALSE
	EndGlobalSection
	GlobalSection(ExtensibilityGlobals) = postSolution
		SolutionGuid = {B10FC8AA-0EAD-41DA-B79A-FB474A2BC52F}
	EndGlobalSection
EndGlobal
