
Microsoft Visual Studio Solution File, Format Version 12.00
# Visual Studio Version 16
VisualStudioVersion = 16.0.31624.102
MinimumVisualStudioVersion = 10.0.40219.1
Project("{9A19103F-16F7-4668-BE54-9A1E7A4F7556}") = "Art-exhibition", "..\Art-exhibition.csproj", "{D8A5C818-12CA-44AB-A847-14357EC19182}"
EndProject
Global
	GlobalSection(SolutionConfigurationPlatforms) = preSolution
		Debug|Any CPU = Debug|Any CPU
		Release|Any CPU = Release|Any CPU
	EndGlobalSection
	GlobalSection(ProjectConfigurationPlatforms) = postSolution
		{D8A5C818-12CA-44AB-A847-14357EC19182}.Debug|Any CPU.ActiveCfg = Debug|Any CPU
		{D8A5C818-12CA-44AB-A847-14357EC19182}.Debug|Any CPU.Build.0 = Debug|Any CPU
		{D8A5C818-12CA-44AB-A847-14357EC19182}.Release|Any CPU.ActiveCfg = Release|Any CPU
		{D8A5C818-12CA-44AB-A847-14357EC19182}.Release|Any CPU.Build.0 = Release|Any CPU
	EndGlobalSection
	GlobalSection(SolutionProperties) = preSolution
		HideSolutionNode = FALSE
	EndGlobalSection
	GlobalSection(ExtensibilityGlobals) = postSolution
		SolutionGuid = {30340979-CBB4-47E4-82AB-34B456F38B22}
	EndGlobalSection
EndGlobal
